// !$*UTF8*$!
{
	archiveVersion = 1;
	classes = {
	};
	objectVersion = 46;
	objects = {

/* Begin PBXBuildFile section */
		580017BD1C189CA6003705A2 /* main.m in Sources */ = {isa = PBXBuildFile; fileRef = 580017BC1C189CA6003705A2 /* main.m */; };
		580017C01C189CA6003705A2 /* AppDelegate.m in Sources */ = {isa = PBXBuildFile; fileRef = 580017BF1C189CA6003705A2 /* AppDelegate.m */; };
		580017C31C189CA6003705A2 /* ViewController.m in Sources */ = {isa = PBXBuildFile; fileRef = 580017C21C189CA6003705A2 /* ViewController.m */; };
		580017C61C189CA6003705A2 /* Main.storyboard in Resources */ = {isa = PBXBuildFile; fileRef = 580017C41C189CA6003705A2 /* Main.storyboard */; };
		580017C81C189CA6003705A2 /* Assets.xcassets in Resources */ = {isa = PBXBuildFile; fileRef = 580017C71C189CA6003705A2 /* Assets.xcassets */; };
		580017CB1C189CA6003705A2 /* LaunchScreen.storyboard in Resources */ = {isa = PBXBuildFile; fileRef = 580017C91C189CA6003705A2 /* LaunchScreen.storyboard */; };
/* End PBXBuildFile section */

/* Begin PBXFileReference section */
		580017B81C189CA6003705A2 /* test.app */ = {isa = PBXFileReference; explicitFileType = wrapper.application; includeInIndex = 0; path = test.app; sourceTree = BUILT_PRODUCTS_DIR; };
		580017BC1C189CA6003705A2 /* main.m */ = {isa = PBXFileReference; lastKnownFileType = sourcecode.c.objc; path = main.m; sourceTree = "<group>"; };
		580017BE1C189CA6003705A2 /* AppDelegate.h */ = {isa = PBXFileReference; lastKnownFileType = sourcecode.c.h; path = AppDelegate.h; sourceTree = "<group>"; };
		580017BF1C189CA6003705A2 /* AppDelegate.m */ = {isa = PBXFileReference; lastKnownFileType = sourcecode.c.objc; path = AppDelegate.m; sourceTree = "<group>"; };
		580017C11C189CA6003705A2 /* ViewController.h */ = {isa = PBXFileReference; lastKnownFileType = sourcecode.c.h; path = ViewController.h; sourceTree = "<group>"; };
		580017C21C189CA6003705A2 /* ViewController.m */ = {isa = PBXFileReference; lastKnownFileType = sourcecode.c.objc; path = ViewController.m; sourceTree = "<group>"; };
		580017C51C189CA6003705A2 /* Base */ = {isa = PBXFileReference; lastKnownFileType = file.storyboard; name = Base; path = Base.lproj/Main.storyboard; sourceTree = "<group>"; };
		580017C71C189CA6003705A2 /* Assets.xcassets */ = {isa = PBXFileReference; lastKnownFileType = folder.assetcatalog; path = Assets.xcassets; sourceTree = "<group>"; };
		580017CA1C189CA6003705A2 /* Base */ = {isa = PBXFileReference; lastKnownFileType = file.storyboard; name = Base; path = Base.lproj/LaunchScreen.storyboard; sourceTree = "<group>"; };
		580017CC1C189CA6003705A2 /* Info.plist */ = {isa = PBXFileReference; lastKnownFileType = text.plist.xml; path = Info.plist; sourceTree = "<group>"; };
/* End PBXFileReference section */

/* Begin PBXFrameworksBuildPhase section */
		580017B51C189CA6003705A2 /* Frameworks */ = {
			isa = PBXFrameworksBuildPhase;
			buildActionMask = 2147483647;
			files = (
			);
			runOnlyForDeploymentPostprocessing = 0;
		};
/* End PBXFrameworksBuildPhase section */

/* Begin PBXGroup section */
		580017AF1C189CA6003705A2 = {
			isa = PBXGroup;
			children = (
				580017BA1C189CA6003705A2 /* test */,
				580017B91C189CA6003705A2 /* Products */,
			);
			sourceTree = "<group>";
		};
		580017B91C189CA6003705A2 /* Products */ = {
			isa = PBXGroup;
			children = (
				580017B81C189CA6003705A2 /* test.app */,
			);
			name = Products;
			sourceTree = "<group>";
		};
		580017BA1C189CA6003705A2 /* test */ = {
			isa = PBXGroup;
			children = (
				580017BE1C189CA6003705A2 /* AppDelegate.h */,
				580017BF1C189CA6003705A2 /* AppDelegate.m */,
				580017C11C189CA6003705A2 /* ViewController.h */,
				580017C21C189CA6003705A2 /* ViewController.m */,
				580017C41C189CA6003705A2 /* Main.storyboard */,
				580017C71C189CA6003705A2 /* Assets.xcassets */,
				580017C91C189CA6003705A2 /* LaunchScreen.storyboard */,
				580017CC1C189CA6003705A2 /* Info.plist */,
				580017BB1C189CA6003705A2 /* Supporting Files */,
			);
			path = test;
			sourceTree = "<group>";
		};
		580017BB1C189CA6003705A2 /* Supporting Files */ = {
			isa = PBXGroup;
			children = (
				580017BC1C189CA6003705A2 /* main.m */,
			);
			name = "Supporting Files";
			sourceTree = "<group>";
		};
/* End PBXGroup section */

/* Begin PBXNativeTarget section */
		580017B71C189CA6003705A2 /* test */ = {
			isa = PBXNativeTarget;
			buildConfigurationList = 580017CF1C189CA6003705A2 /* Build configuration list for PBXNativeTarget "test" */;
			buildPhases = (
				580017B41C189CA6003705A2 /* Sources */,
				580017B51C189CA6003705A2 /* Frameworks */,
				580017B61C189CA6003705A2 /* Resources */,
			);
			buildRules = (
			);
			dependencies = (
			);
			name = test;
			productName = test;
			productReference = 580017B81C189CA6003705A2 /* test.app */;
			productType = "com.apple.product-type.application";
		};
/* End PBXNativeTarget section */

/* Begin PBXProject section */
		580017B01C189CA6003705A2 /* Project object */ = {
			isa = PBXProject;
			attributes = {
				LastUpgradeCheck = 0720;
				ORGANIZATIONNAME = "Marvin Wagner";
				TargetAttributes = {
					580017B71C189CA6003705A2 = {
						CreatedOnToolsVersion = 7.2;
					};
				};
			};
			buildConfigurationList = 580017B31C189CA6003705A2 /* Build configuration list for PBXProject "test" */;
			compatibilityVersion = "Xcode 3.2";
			developmentRegion = English;
			hasScannedForEncodings = 0;
			knownRegions = (
				en,
				Base,
			);
			mainGroup = 580017AF1C189CA6003705A2;
			productRefGroup = 580017B91C189CA6003705A2 /* Products */;
			projectDirPath = "";
			projectRoot = "";
			targets = (
				580017B71C189CA6003705A2 /* test */,
			);
		};
/* End PBXProject section */

/* Begin PBXResourcesBuildPhase section */
		580017B61C189CA6003705A2 /* Resources */ = {
			isa = PBXResourcesBuildPhase;
			buildActionMask = 2147483647;
			files = (
				580017CB1C189CA6003705A2 /* LaunchScreen.storyboard in Resources */,
				580017C81C189CA6003705A2 /* Assets.xcassets in Resources */,
				580017C61C189CA6003705A2 /* Main.storyboard in Resources */,
			);
			runOnlyForDeploymentPostprocessing = 0;
		};
/* End PBXResourcesBuildPhase section */

/* Begin PBXSourcesBuildPhase section */
		580017B41C189CA6003705A2 /* Sources */ = {
			isa = PBXSourcesBuildPhase;
			buildActionMask = 2147483647;
			files = (
				580017C31C189CA6003705A2 /* ViewController.m in Sources */,
				580017C01C189CA6003705A2 /* AppDelegate.m in Sources */,
				580017BD1C189CA6003705A2 /* main.m in Sources */,
			);
			runOnlyForDeploymentPostprocessing = 0;
		};
/* End PBXSourcesBuildPhase section */

/* Begin PBXVariantGroup section */
		580017C41C189CA6003705A2 /* Main.storyboard */ = {
			isa = PBXVariantGroup;
			children = (
				580017C51C189CA6003705A2 /* Base */,
			);
			name = Main.storyboard;
			sourceTree = "<group>";
		};
		580017C91C189CA6003705A2 /* LaunchScreen.storyboard */ = {
			isa = PBXVariantGroup;
			children = (
				580017CA1C189CA6003705A2 /* Base */,
			);
			name = LaunchScreen.storyboard;
			sourceTree = "<group>";
		};
/* End PBXVariantGroup section */

/* Begin XCBuildConfiguration section */
		580017CD1C189CA6003705A2 /* Debug */ = {
			isa = XCBuildConfiguration;
			buildSettings = {
				ALWAYS_SEARCH_USER_PATHS = NO;
				CLANG_CXX_LANGUAGE_STANDARD = "gnu++0x";
				CLANG_CXX_LIBRARY = "libc++";
				CLANG_ENABLE_MODULES = YES;
				CLANG_ENABLE_OBJC_ARC = YES;
				CLANG_WARN_BOOL_CONVERSION = YES;
				CLANG_WARN_CONSTANT_CONVERSION = YES;
				CLANG_WARN_DIRECT_OBJC_ISA_USAGE = YES_ERROR;
				CLANG_WARN_EMPTY_BODY = YES;
				CLANG_WARN_ENUM_CONVERSION = YES;
				CLANG_WARN_INT_CONVERSION = YES;
				CLANG_WARN_OBJC_ROOT_CLASS = YES_ERROR;
				CLANG_WARN_UNREACHABLE_CODE = YES;
				CLANG_WARN__DUPLICATE_METHOD_MATCH = YES;
				"CODE_SIGN_IDENTITY[sdk=iphoneos*]" = "iPhone Developer";
				COPY_PHASE_STRIP = NO;
				DEBUG_INFORMATION_FORMAT = dwarf;
				ENABLE_STRICT_OBJC_MSGSEND = YES;
				ENABLE_TESTABILITY = YES;
				GCC_C_LANGUAGE_STANDARD = gnu99;
				GCC_DYNAMIC_NO_PIC = NO;
				GCC_NO_COMMON_BLOCKS = YES;
				GCC_OPTIMIZATION_LEVEL = 0;
				GCC_PREPROCESSOR_DEFINITIONS = (
					"DEBUG=1",
					"$(inherited)",
				);
				GCC_WARN_64_TO_32_BIT_CONVERSION = YES;
				GCC_WARN_ABOUT_RETURN_TYPE = YES_ERROR;
				GCC_WARN_UNDECLARED_SELECTOR = YES;
				GCC_WARN_UNINITIALIZED_AUTOS = YES_AGGRESSIVE;
				GCC_WARN_UNUSED_FUNCTION = YES;
				GCC_WARN_UNUSED_VARIABLE = YES;
				IPHONEOS_DEPLOYMENT_TARGET = 9.2;
				MTL_ENABLE_DEBUG_INFO = YES;
				ONLY_ACTIVE_ARCH = YES;
				SDKROOT = iphoneos;
			};
			name = Debug;
		};
		580017CE1C189CA6003705A2 /* Release */ = {
			isa = XCBuildConfiguration;
			buildSettings = {
				ALWAYS_SEARCH_USER_PATHS = NO;
				CLANG_CXX_LANGUAGE_STANDARD = "gnu++0x";
				CLANG_CXX_LIBRARY = "libc++";
				CLANG_ENABLE_MODULES = YES;
				CLANG_ENABLE_OBJC_ARC = YES;
				CLANG_WARN_BOOL_CONVERSION = YES;
				CLANG_WARN_CONSTANT_CONVERSION = YES;
				CLANG_WARN_DIRECT_OBJC_ISA_USAGE = YES_ERROR;
				CLANG_WARN_EMPTY_BODY = YES;
				CLANG_WARN_ENUM_CONVERSION = YES;
				CLANG_WARN_INT_CONVERSION = YES;
				CLANG_WARN_OBJC_ROOT_CLASS = YES_ERROR;
				CLANG_WARN_UNREACHABLE_CODE = YES;
				CLANG_WARN__DUPLICATE_METHOD_MATCH = YES;
				"CODE_SIGN_IDENTITY[sdk=iphoneos*]" = "iPhone Developer";
				COPY_PHASE_STRIP = NO;
				DEBUG_INFORMATION_FORMAT = "dwarf-with-dsym";
				ENABLE_NS_ASSERTIONS = NO;
				ENABLE_STRICT_OBJC_MSGSEND = YES;
				GCC_C_LANGUAGE_STANDARD = gnu99;
				GCC_NO_COMMON_BLOCKS = YES;
				GCC_WARN_64_TO_32_BIT_CONVERSION = YES;
				GCC_WARN_ABOUT_RETURN_TYPE = YES_ERROR;
				GCC_WARN_UNDECLARED_SELECTOR = YES;
				GCC_WARN_UNINITIALIZED_AUTOS = YES_AGGRESSIVE;
				GCC_WARN_UNUSED_FUNCTION = YES;
				GCC_WARN_UNUSED_VARIABLE = YES;
				IPHONEOS_DEPLOYMENT_TARGET = 9.2;
				MTL_ENABLE_DEBUG_INFO = NO;
				SDKROOT = iphoneos;
				VALIDATE_PRODUCT = YES;
			};
			name = Release;
		};
		580017D01C189CA6003705A2 /* Debug */ = {
			isa = XCBuildConfiguration;
			buildSettings = {
				ASSETCATALOG_COMPILER_APPICON_NAME = AppIcon;
				INFOPLIST_FILE = test/Info.plist;
				LD_RUNPATH_SEARCH_PATHS = "$(inherited) @executable_path/Frameworks";
				PRODUCT_BUNDLE_IDENTIFIER = de.jeysoft.test;
				PRODUCT_NAME = "$(TARGET_NAME)";
			};
			name = Debug;
		};
		580017D11C189CA6003705A2 /* Release */ = {
			isa = XCBuildConfiguration;
			buildSettings = {
				ASSETCATALOG_COMPILER_APPICON_NAME = AppIcon;
				INFOPLIST_FILE = test/Info.plist;
				LD_RUNPATH_SEARCH_PATHS = "$(inherited) @executable_path/Frameworks";
				PRODUCT_BUNDLE_IDENTIFIER = de.jeysoft.test;
				PRODUCT_NAME = "$(TARGET_NAME)";
			};
			name = Release;
		};
/* End XCBuildConfiguration section */

/* Begin XCConfigurationList section */
		580017B31C189CA6003705A2 /* Build configuration list for PBXProject "test" */ = {
			isa = XCConfigurationList;
			buildConfigurations = (
				580017CD1C189CA6003705A2 /* Debug */,
				580017CE1C189CA6003705A2 /* Release */,
			);
			defaultConfigurationIsVisible = 0;
			defaultConfigurationName = Release;
		};
		580017CF1C189CA6003705A2 /* Build configuration list for PBXNativeTarget "test" */ = {
			isa = XCConfigurationList;
			buildConfigurations = (
				580017D01C189CA6003705A2 /* Debug */,
				580017D11C189CA6003705A2 /* Release */,
			);
			defaultConfigurationIsVisible = 0;
		};
/* End XCConfigurationList section */
	};
	rootObject = 580017B01C189CA6003705A2 /* Project object */;
}
